<?xml version="1.0" encoding="utf-8"?>
<Project ToolsVersion="4.0" xmlns="http://schemas.microsoft.com/developer/msbuild/2003">
  <ItemGroup>
    <Filter Include="Game">
      <UniqueIdentifier>{7FA9857C-6BE0-860D-14CD-6C1000E3020F}</UniqueIdentifier>
    </Filter>
    <Filter Include="src">
      <UniqueIdentifier>{2DAB880B-99B4-887C-2230-9F7C8E38947C}</UniqueIdentifier>
    </Filter>
    <Filter Include="src\Components">
      <UniqueIdentifier>{221ADC4D-0EE8-CF53-F77B-407AE3E8ABB8}</UniqueIdentifier>
    </Filter>
    <Filter Include="src\ECS">
      <UniqueIdentifier>{F76D2FA9-634D-AE44-6C65-391BD8C314A6}</UniqueIdentifier>
    </Filter>
    <Filter Include="src\Editor">
      <UniqueIdentifier>{C3F37E0D-AFAB-C05A-18B3-99B6048A5B4B}</UniqueIdentifier>
    </Filter>
    <Filter Include="src\Shaders">
      <UniqueIdentifier>{06ADC7FB-7262-40F1-FB56-3AC8670B37F5}</UniqueIdentifier>
    </Filter>
    <Filter Include="src\Shape">
      <UniqueIdentifier>{2DB3D4B3-991D-892A-E25B-3AD04E05677F}</UniqueIdentifier>
    </Filter>
    <Filter Include="src\Textures">
      <UniqueIdentifier>{A05FE1B0-8CC2-7055-3548-A90B218A3CD8}</UniqueIdentifier>
    </Filter>
    <Filter Include="src\core">
      <UniqueIdentifier>{C55F2ECF-B12C-89DA-DA45-7782C671BE68}</UniqueIdentifier>
    </Filter>
    <Filter Include="vendor">
      <UniqueIdentifier>{B3738122-9F15-ACF8-88D0-BF4C74113349}</UniqueIdentifier>
    </Filter>
    <Filter Include="vendor\glm">
      <UniqueIdentifier>{829FC5A8-6E57-07F6-D75E-E051C335A2E6}</UniqueIdentifier>
    </Filter>
    <Filter Include="vendor\glm\glm">
      <UniqueIdentifier>{D11AC9C9-BDE8-BCCF-A67C-2DF692E99834}</UniqueIdentifier>
    </Filter>
    <Filter Include="vendor\imgui">
      <UniqueIdentifier>{5D3BD0F0-499E-5F95-F223-984BDE652B18}</UniqueIdentifier>
    </Filter>
  </ItemGroup>
  <ItemGroup>
    <ClInclude Include="Game\Game.h">
      <Filter>Game</Filter>
    </ClInclude>
    <ClInclude Include="src\Components\Color.h">
      <Filter>src</Filter>
    </ClInclude>
    <ClInclude Include="src\Components\Transform.h">
      <Filter>src\Components</Filter>
    </ClInclude>
    <ClInclude Include="src\ECS\Component.h">
      <Filter>src\ECS</Filter>
    </ClInclude>
    <ClInclude Include="src\ECS\ECS.h">
      <Filter>src\ECS</Filter>
    </ClInclude>
    <ClInclude Include="src\ECS\Entity.h">
      <Filter>src\ECS</Filter>
    </ClInclude>
    <ClInclude Include="src\ECS\System.h">
      <Filter>src\ECS</Filter>
    </ClInclude>
    <ClInclude Include="src\Editor\Editor.h">
      <Filter>src\Editor</Filter>
    </ClInclude>
    <ClInclude Include="src\Shaders\Shader.h">
      <Filter>src\Shaders</Filter>
    </ClInclude>
    <ClInclude Include="src\Shape\Cube.h">
      <Filter>src\Shape</Filter>
    </ClInclude>
    <ClInclude Include="src\Shape\Pyramid.h">
      <Filter>src\Shape</Filter>
    </ClInclude>
    <ClInclude Include="src\Shape\Shape.h">
      <Filter>src\Shape</Filter>
    </ClInclude>
    <ClInclude Include="src\Textures\Texture.h">
      <Filter>src\Textures</Filter>
    </ClInclude>
    <ClInclude Include="src\core\Application.h">
      <Filter>src\core</Filter>
    </ClInclude>
    <ClInclude Include="src\core\Camera.h">
      <Filter>src\core</Filter>
    </ClInclude>
    <ClInclude Include="src\core\Engine.h">
      <Filter>src\core</Filter>
    </ClInclude>
    <ClInclude Include="src\core\Renderer.h">
      <Filter>src\core</Filter>
    </ClInclude>
    <ClInclude Include="src\core\Time.h">
      <Filter>src\core</Filter>
    </ClInclude>
    <ClInclude Include="src\core\VAO.h">
      <Filter>src\core</Filter>
    </ClInclude>
    <ClInclude Include="src\core\Vector3D.h">
      <Filter>src\core</Filter>
    </ClInclude>
    <ClInclude Include="src\core\window.h">
      <Filter>src\core</Filter>
    </ClInclude>
    <ClInclude Include="vendor\glm\glm\glm.hpp">
      <Filter>vendor\glm\glm</Filter>
    </ClInclude>
    <ClInclude Include="vendor\imgui\imconfig.h">
      <Filter>vendor\imgui</Filter>
    </ClInclude>
    <ClInclude Include="vendor\imgui\imgui.h">
      <Filter>vendor\imgui</Filter>
    </ClInclude>
    <ClInclude Include="vendor\imgui\imgui_impl_glfw.h">
      <Filter>vendor\imgui</Filter>
    </ClInclude>
    <ClInclude Include="vendor\imgui\imgui_impl_opengl3.h">
      <Filter>vendor\imgui</Filter>
    </ClInclude>
    <ClInclude Include="vendor\imgui\imgui_impl_opengl3_loader.h">
      <Filter>vendor\imgui</Filter>
    </ClInclude>
    <ClInclude Include="vendor\imgui\imgui_impl_win32.h">
      <Filter>vendor\imgui</Filter>
    </ClInclude>
    <ClInclude Include="vendor\imgui\imgui_internal.h">
      <Filter>vendor\imgui</Filter>
    </ClInclude>
    <ClInclude Include="vendor\imgui\imstb_rectpack.h">
      <Filter>vendor\imgui</Filter>
    </ClInclude>
    <ClInclude Include="vendor\imgui\imstb_textedit.h">
      <Filter>vendor\imgui</Filter>
    </ClInclude>
    <ClInclude Include="vendor\imgui\imstb_truetype.h">
      <Filter>vendor\imgui</Filter>
    </ClInclude>
  </ItemGroup>
  <ItemGroup>
    <ClCompile Include="Game\Game.cpp">
      <Filter>Game</Filter>
    </ClCompile>
    <ClCompile Include="src\Components\Transform.cpp">
      <Filter>src\Components</Filter>
    </ClCompile>
    <ClCompile Include="src\Editor\Editor.cpp">
      <Filter>src\Editor</Filter>
    </ClCompile>
    <ClCompile Include="src\Shaders\Shader.cpp">
      <Filter>src\Shaders</Filter>
    </ClCompile>
    <ClCompile Include="src\Shape\Cube.cpp">
      <Filter>src\Shape</Filter>
    </ClCompile>
    <ClCompile Include="src\Shape\Pyramid.cpp">
      <Filter>src\Shape</Filter>
    </ClCompile>
    <ClCompile Include="src\Shape\Shape.cpp">
      <Filter>src\Shape</Filter>
    </ClCompile>
    <ClCompile Include="src\Textures\Texture.cpp">
      <Filter>src\Textures</Filter>
    </ClCompile>
    <ClCompile Include="src\core\Camera.cpp">
      <Filter>src\core</Filter>
    </ClCompile>
    <ClCompile Include="src\core\Engine.cpp">
      <Filter>src\core</Filter>
    </ClCompile>
    <ClCompile Include="src\core\Renderer.cpp">
      <Filter>src\core</Filter>
    </ClCompile>
    <ClCompile Include="src\core\VAO.cpp">
      <Filter>src\core</Filter>
    </ClCompile>
    <ClCompile Include="src\core\stbi.cpp">
      <Filter>src\core</Filter>
    </ClCompile>
    <ClCompile Include="src\core\window.cpp">
      <Filter>src\core</Filter>
    </ClCompile>
    <ClCompile Include="src\glad.c">
      <Filter>src</Filter>
    </ClCompile>
    <ClCompile Include="src\main.cpp">
      <Filter>src</Filter>
    </ClCompile>
    <ClCompile Include="vendor\imgui\imgui.cpp">
      <Filter>vendor\imgui</Filter>
    </ClCompile>
    <ClCompile Include="vendor\imgui\imgui_demo.cpp">
      <Filter>vendor\imgui</Filter>
    </ClCompile>
    <ClCompile Include="vendor\imgui\imgui_draw.cpp">
      <Filter>vendor\imgui</Filter>
    </ClCompile>
    <ClCompile Include="vendor\imgui\imgui_impl_glfw.cpp">
      <Filter>vendor\imgui</Filter>
    </ClCompile>
    <ClCompile Include="vendor\imgui\imgui_impl_opengl3.cpp">
      <Filter>vendor\imgui</Filter>
    </ClCompile>
    <ClCompile Include="vendor\imgui\imgui_tables.cpp">
      <Filter>vendor\imgui</Filter>
    </ClCompile>
    <ClCompile Include="vendor\imgui\imgui_widgets.cpp">
      <Filter>vendor\imgui</Filter>
    </ClCompile>
    <ClCompile Include="src\ECS\Entity.cpp" />
  </ItemGroup>
</Project>